{
  "nodes": {
    "flake-utils": {
      "locked": {
        "lastModified": 1667395993,
        "narHash": "sha256-nuEHfE/LcWyuSWnS8t12N1wc105Qtau+/OdUAjtQ0rA=",
        "owner": "numtide",
        "repo": "flake-utils",
        "rev": "5aed5285a952e0b949eb3ba02c12fa4fcfef535f",
        "type": "github"
      },
      "original": {
        "owner": "numtide",
        "repo": "flake-utils",
        "type": "github"
      }
    },
    "nixpkgs": {
      "locked": {
        "lastModified": 1667909632,
        "narHash": "sha256-p9ZTU29fRA0KNQVGIFTA06IcVeoCqYNRvegRdxGZd8k=",
        "owner": "NixOS",
        "repo": "nixpkgs",
        "rev": "bc5ad970780580ec272b3a6bc5f9bddf4e250d3c",
        "type": "github"
      },
      "original": {
        "owner": "NixOS",
        "ref": "nixpkgs-unstable",
        "repo": "nixpkgs",
        "type": "github"
      }
    },
    "pre-commit-hooks": {
      "inputs": {
        "flake-utils": [
          "flake-utils"
        ],
        "nixpkgs": [
          "nixpkgs"
        ]
      },
      "locked": {
        "lastModified": 1667760143,
        "narHash": "sha256-+X5CyeNEKp41bY/I1AJgW/fn69q5cLJ1bgiaMMCKB3M=",
        "owner": "cachix",
        "repo": "pre-commit-hooks.nix",
        "rev": "06f48d63d473516ce5b8abe70d15be96a0147fcd",
        "type": "github"
      },
      "original": {
        "owner": "cachix",
        "repo": "pre-commit-hooks.nix",
        "type": "github"
      }
    },
    "qemuflake": {
      "inputs": {
        "nixpkgs": [
          "nixpkgs"
        ]
      },
      "locked": {
        "lastModified": 1668634473,
        "narHash": "sha256-PklCMPkKN5AVy5Rv/2aid+L3Rh2qVi5zJNvKiEnNuDo=",
        "ref": "dev/drew/nix",
        "rev": "89f887f6bb1090c522934635ddab2a2018193411",
        "revCount": 99669,
        "submodules": true,
        "type": "git",
        "url": "https://github.com/rivosinc/qemu"
      },
      "original": {
        "ref": "dev/drew/nix",
        "submodules": true,
        "type": "git",
        "url": "https://github.com/rivosinc/qemu"
      }
    },
    "root": {
      "inputs": {
        "flake-utils": "flake-utils",
        "nixpkgs": "nixpkgs",
        "pre-commit-hooks": "pre-commit-hooks",
        "qemuflake": "qemuflake",
        "rust-overlay": "rust-overlay"
      }
    },
    "rust-overlay": {
      "inputs": {
        "flake-utils": [
          "flake-utils"
        ],
        "nixpkgs": [
          "nixpkgs"
        ]
      },
      "locked": {
        "lastModified": 1667875464,
        "narHash": "sha256-0rO2Pzn//ANT3AphpEUantCbm86XcmKNEKhM73LFr04=",
        "owner": "oxalica",
        "repo": "rust-overlay",
        "rev": "9235990723630e1a55e1ed6bca5954e4e31cfbd7",
        "type": "github"
      },
      "original": {
        "owner": "oxalica",
        "repo": "rust-overlay",
        "type": "github"
      }
    }
  },
  "root": "root",
  "version": 7
}
